// !$*UTF8*$!
{
	archiveVersion = 1;
	classes = {
	};
	objectVersion = 56;
	objects = {

/* Begin PBXBuildFile section */
		278A1CBE2BE8CA67003EADCF /* BubbleTeaApp.swift in Sources */ = {isa = PBXBuildFile; fileRef = 278A1CBD2BE8CA67003EADCF /* BubbleTeaApp.swift */; };
		278A1CC02BE8CA67003EADCF /* ContentView.swift in Sources */ = {isa = PBXBuildFile; fileRef = 278A1CBF2BE8CA67003EADCF /* ContentView.swift */; };
		278A1CC22BE8CA69003EADCF /* Assets.xcassets in Resources */ = {isa = PBXBuildFile; fileRef = 278A1CC12BE8CA69003EADCF /* Assets.xcassets */; };
		278A1CC52BE8CA69003EADCF /* Preview Assets.xcassets in Resources */ = {isa = PBXBuildFile; fileRef = 278A1CC42BE8CA69003EADCF /* Preview Assets.xcassets */; };
		278D22502BE8E5130010B6FC /* BubbleTeaMainView.swift in Sources */ = {isa = PBXBuildFile; fileRef = 278D224F2BE8E5130010B6FC /* BubbleTeaMainView.swift */; };
		278D22582BE8E7E50010B6FC /* ModelData.swift in Sources */ = {isa = PBXBuildFile; fileRef = 278D22572BE8E7E50010B6FC /* ModelData.swift */; };
		278D225A2BE8E7FF0010B6FC /* BubbleTea.swift in Sources */ = {isa = PBXBuildFile; fileRef = 278D22592BE8E7FF0010B6FC /* BubbleTea.swift */; };
		278D22642BE9C7110010B6FC /* BubbleImage.swift in Sources */ = {isa = PBXBuildFile; fileRef = 278D22632BE9C7110010B6FC /* BubbleImage.swift */; };
		278D22682BEB0C700010B6FC /* MenuView.swift in Sources */ = {isa = PBXBuildFile; fileRef = 278D22672BEB0C700010B6FC /* MenuView.swift */; };
		278D226A2BEB100F0010B6FC /* PayMethodView.swift in Sources */ = {isa = PBXBuildFile; fileRef = 278D22692BEB100F0010B6FC /* PayMethodView.swift */; };
		278D226C2BEB10270010B6FC /* CartView.swift in Sources */ = {isa = PBXBuildFile; fileRef = 278D226B2BEB10270010B6FC /* CartView.swift */; };
		278D226E2BEB10480010B6FC /* BubbleTeaDetailView.swift in Sources */ = {isa = PBXBuildFile; fileRef = 278D226D2BEB10480010B6FC /* BubbleTeaDetailView.swift */; };
		278D22702BEB33C30010B6FC /* BubbleTeaRow.swift in Sources */ = {isa = PBXBuildFile; fileRef = 278D226F2BEB33C30010B6FC /* BubbleTeaRow.swift */; };
		278D22722BF2E87D0010B6FC /* OrderConfirmationView.swift in Sources */ = {isa = PBXBuildFile; fileRef = 278D22712BF2E87D0010B6FC /* OrderConfirmationView.swift */; };
/* End PBXBuildFile section */

/* Begin PBXFileReference section */
		278A1CBA2BE8CA67003EADCF /* BubbleTea.app */ = {isa = PBXFileReference; explicitFileType = wrapper.application; includeInIndex = 0; path = BubbleTea.app; sourceTree = BUILT_PRODUCTS_DIR; };
		278A1CBD2BE8CA67003EADCF /* BubbleTeaApp.swift */ = {isa = PBXFileReference; lastKnownFileType = sourcecode.swift; path = BubbleTeaApp.swift; sourceTree = "<group>"; };
		278A1CBF2BE8CA67003EADCF /* ContentView.swift */ = {isa = PBXFileReference; lastKnownFileType = sourcecode.swift; path = ContentView.swift; sourceTree = "<group>"; };
		278A1CC12BE8CA69003EADCF /* Assets.xcassets */ = {isa = PBXFileReference; lastKnownFileType = folder.assetcatalog; path = Assets.xcassets; sourceTree = "<group>"; };
		278A1CC42BE8CA69003EADCF /* Preview Assets.xcassets */ = {isa = PBXFileReference; lastKnownFileType = folder.assetcatalog; path = "Preview Assets.xcassets"; sourceTree = "<group>"; };
		278D224F2BE8E5130010B6FC /* BubbleTeaMainView.swift */ = {isa = PBXFileReference; lastKnownFileType = sourcecode.swift; path = BubbleTeaMainView.swift; sourceTree = "<group>"; };
		278D22572BE8E7E50010B6FC /* ModelData.swift */ = {isa = PBXFileReference; lastKnownFileType = sourcecode.swift; path = ModelData.swift; sourceTree = "<group>"; };
		278D22592BE8E7FF0010B6FC /* BubbleTea.swift */ = {isa = PBXFileReference; lastKnownFileType = sourcecode.swift; path = BubbleTea.swift; sourceTree = "<group>"; };
		278D22632BE9C7110010B6FC /* BubbleImage.swift */ = {isa = PBXFileReference; lastKnownFileType = sourcecode.swift; path = BubbleImage.swift; sourceTree = "<group>"; };
		278D22672BEB0C700010B6FC /* MenuView.swift */ = {isa = PBXFileReference; lastKnownFileType = sourcecode.swift; path = MenuView.swift; sourceTree = "<group>"; };
		278D22692BEB100F0010B6FC /* PayMethodView.swift */ = {isa = PBXFileReference; lastKnownFileType = sourcecode.swift; path = PayMethodView.swift; sourceTree = "<group>"; };
		278D226B2BEB10270010B6FC /* CartView.swift */ = {isa = PBXFileReference; lastKnownFileType = sourcecode.swift; path = CartView.swift; sourceTree = "<group>"; };
		278D226D2BEB10480010B6FC /* BubbleTeaDetailView.swift */ = {isa = PBXFileReference; lastKnownFileType = sourcecode.swift; path = BubbleTeaDetailView.swift; sourceTree = "<group>"; };
		278D226F2BEB33C30010B6FC /* BubbleTeaRow.swift */ = {isa = PBXFileReference; lastKnownFileType = sourcecode.swift; path = BubbleTeaRow.swift; sourceTree = "<group>"; };
		278D22712BF2E87D0010B6FC /* OrderConfirmationView.swift */ = {isa = PBXFileReference; fileEncoding = 4; lastKnownFileType = sourcecode.swift; path = OrderConfirmationView.swift; sourceTree = "<group>"; };
/* End PBXFileReference section */

/* Begin PBXFrameworksBuildPhase section */
		278A1CB72BE8CA67003EADCF /* Frameworks */ = {
			isa = PBXFrameworksBuildPhase;
			buildActionMask = 2147483647;
			files = (
			);
			runOnlyForDeploymentPostprocessing = 0;
		};
/* End PBXFrameworksBuildPhase section */

/* Begin PBXGroup section */
		278A1CB12BE8CA67003EADCF = {
			isa = PBXGroup;
			children = (
				278A1CBC2BE8CA67003EADCF /* BubbleTea */,
				278A1CBB2BE8CA67003EADCF /* Products */,
			);
			sourceTree = "<group>";
		};
		278A1CBB2BE8CA67003EADCF /* Products */ = {
			isa = PBXGroup;
			children = (
				278A1CBA2BE8CA67003EADCF /* BubbleTea.app */,
			);
			name = Products;
			sourceTree = "<group>";
		};
		278A1CBC2BE8CA67003EADCF /* BubbleTea */ = {
			isa = PBXGroup;
			children = (
				278D22622BE9C6E00010B6FC /* Helpers */,
				278D22562BE8E7D40010B6FC /* Model */,
				278A1CBD2BE8CA67003EADCF /* BubbleTeaApp.swift */,
				278D22522BE8E6570010B6FC /* Resources */,
				278D22512BE8E5260010B6FC /* BubbleTeaList */,
				278D224E2BE8E4D70010B6FC /* Views */,
				278A1CC12BE8CA69003EADCF /* Assets.xcassets */,
				278A1CC32BE8CA69003EADCF /* Preview Content */,
			);
			path = BubbleTea;
			sourceTree = "<group>";
		};
		278A1CC32BE8CA69003EADCF /* Preview Content */ = {
			isa = PBXGroup;
			children = (
				278A1CC42BE8CA69003EADCF /* Preview Assets.xcassets */,
			);
			path = "Preview Content";
			sourceTree = "<group>";
		};
		278D224E2BE8E4D70010B6FC /* Views */ = {
			isa = PBXGroup;
			children = (
				278A1CBF2BE8CA67003EADCF /* ContentView.swift */,
			);
			path = Views;
			sourceTree = "<group>";
		};
		278D22512BE8E5260010B6FC /* BubbleTeaList */ = {
			isa = PBXGroup;
			children = (
				278D224F2BE8E5130010B6FC /* BubbleTeaMainView.swift */,
				278D22672BEB0C700010B6FC /* MenuView.swift */,
				278D226F2BEB33C30010B6FC /* BubbleTeaRow.swift */,
				278D226D2BEB10480010B6FC /* BubbleTeaDetailView.swift */,
				278D226B2BEB10270010B6FC /* CartView.swift */,
				278D22692BEB100F0010B6FC /* PayMethodView.swift */,
				278D22712BF2E87D0010B6FC /* OrderConfirmationView.swift */,
			);
			path = BubbleTeaList;
			sourceTree = "<group>";
		};
		278D22522BE8E6570010B6FC /* Resources */ = {
			isa = PBXGroup;
			children = (
			);
			path = Resources;
			sourceTree = "<group>";
		};
		278D22562BE8E7D40010B6FC /* Model */ = {
			isa = PBXGroup;
			children = (
				278D22572BE8E7E50010B6FC /* ModelData.swift */,
				278D22592BE8E7FF0010B6FC /* BubbleTea.swift */,
			);
			path = Model;
			sourceTree = "<group>";
		};
		278D22622BE9C6E00010B6FC /* Helpers */ = {
			isa = PBXGroup;
			children = (
				278D22632BE9C7110010B6FC /* BubbleImage.swift */,
			);
			path = Helpers;
			sourceTree = "<group>";
		};
/* End PBXGroup section */

/* Begin PBXNativeTarget section */
		278A1CB92BE8CA67003EADCF /* BubbleTea */ = {
			isa = PBXNativeTarget;
			buildConfigurationList = 278A1CC82BE8CA69003EADCF /* Build configuration list for PBXNativeTarget "BubbleTea" */;
			buildPhases = (
				278A1CB62BE8CA67003EADCF /* Sources */,
				278A1CB72BE8CA67003EADCF /* Frameworks */,
				278A1CB82BE8CA67003EADCF /* Resources */,
			);
			buildRules = (
			);
			dependencies = (
			);
			name = BubbleTea;
			productName = BubbleTea;
			productReference = 278A1CBA2BE8CA67003EADCF /* BubbleTea.app */;
			productType = "com.apple.product-type.application";
		};
/* End PBXNativeTarget section */

/* Begin PBXProject section */
		278A1CB22BE8CA67003EADCF /* Project object */ = {
			isa = PBXProject;
			attributes = {
				BuildIndependentTargetsInParallel = 1;
				LastSwiftUpdateCheck = 1520;
				LastUpgradeCheck = 1520;
				TargetAttributes = {
					278A1CB92BE8CA67003EADCF = {
						CreatedOnToolsVersion = 15.2;
					};
				};
			};
			buildConfigurationList = 278A1CB52BE8CA67003EADCF /* Build configuration list for PBXProject "BubbleTea" */;
			compatibilityVersion = "Xcode 14.0";
			developmentRegion = en;
			hasScannedForEncodings = 0;
			knownRegions = (
				en,
				Base,
			);
			mainGroup = 278A1CB12BE8CA67003EADCF;
			productRefGroup = 278A1CBB2BE8CA67003EADCF /* Products */;
			projectDirPath = "";
			projectRoot = "";
			targets = (
				278A1CB92BE8CA67003EADCF /* BubbleTea */,
			);
		};
/* End PBXProject section */

/* Begin PBXResourcesBuildPhase section */
		278A1CB82BE8CA67003EADCF /* Resources */ = {
			isa = PBXResourcesBuildPhase;
			buildActionMask = 2147483647;
			files = (
				278A1CC52BE8CA69003EADCF /* Preview Assets.xcassets in Resources */,
				278A1CC22BE8CA69003EADCF /* Assets.xcassets in Resources */,
			);
			runOnlyForDeploymentPostprocessing = 0;
		};
/* End PBXResourcesBuildPhase section */

/* Begin PBXSourcesBuildPhase section */
		278A1CB62BE8CA67003EADCF /* Sources */ = {
			isa = PBXSourcesBuildPhase;
			buildActionMask = 2147483647;
			files = (
				278D226C2BEB10270010B6FC /* CartView.swift in Sources */,
				278D22682BEB0C700010B6FC /* MenuView.swift in Sources */,
				278D226E2BEB10480010B6FC /* BubbleTeaDetailView.swift in Sources */,
				278D22502BE8E5130010B6FC /* BubbleTeaMainView.swift in Sources */,
				278D225A2BE8E7FF0010B6FC /* BubbleTea.swift in Sources */,
				278D22642BE9C7110010B6FC /* BubbleImage.swift in Sources */,
				278D22702BEB33C30010B6FC /* BubbleTeaRow.swift in Sources */,
				278D226A2BEB100F0010B6FC /* PayMethodView.swift in Sources */,
				278D22582BE8E7E50010B6FC /* ModelData.swift in Sources */,
				278A1CC02BE8CA67003EADCF /* ContentView.swift in Sources */,
				278D22722BF2E87D0010B6FC /* OrderConfirmationView.swift in Sources */,
				278A1CBE2BE8CA67003EADCF /* BubbleTeaApp.swift in Sources */,
			);
			runOnlyForDeploymentPostprocessing = 0;
		};
/* End PBXSourcesBuildPhase section */

/* Begin XCBuildConfiguration section */
		278A1CC62BE8CA69003EADCF /* Debug */ = {
			isa = XCBuildConfiguration;
			buildSettings = {
				ALWAYS_SEARCH_USER_PATHS = NO;
				ASSETCATALOG_COMPILER_GENERATE_SWIFT_ASSET_SYMBOL_EXTENSIONS = YES;
				CLANG_ANALYZER_NONNULL = YES;
				CLANG_ANALYZER_NUMBER_OBJECT_CONVERSION = YES_AGGRESSIVE;
				CLANG_CXX_LANGUAGE_STANDARD = "gnu++20";
				CLANG_ENABLE_MODULES = YES;
				CLANG_ENABLE_OBJC_ARC = YES;
				CLANG_ENABLE_OBJC_WEAK = YES;
				CLANG_WARN_BLOCK_CAPTURE_AUTORELEASING = YES;
				CLANG_WARN_BOOL_CONVERSION = YES;
				CLANG_WARN_COMMA = YES;
				CLANG_WARN_CONSTANT_CONVERSION = YES;
				CLANG_WARN_DEPRECATED_OBJC_IMPLEMENTATIONS = YES;
				CLANG_WARN_DIRECT_OBJC_ISA_USAGE = YES_ERROR;
				CLANG_WARN_DOCUMENTATION_COMMENTS = YES;
				CLANG_WARN_EMPTY_BODY = YES;
				CLANG_WARN_ENUM_CONVERSION = YES;
				CLANG_WARN_INFINITE_RECURSION = YES;
				CLANG_WARN_INT_CONVERSION = YES;
				CLANG_WARN_NON_LITERAL_NULL_CONVERSION = YES;
				CLANG_WARN_OBJC_IMPLICIT_RETAIN_SELF = YES;
				CLANG_WARN_OBJC_LITERAL_CONVERSION = YES;
				CLANG_WARN_OBJC_ROOT_CLASS = YES_ERROR;
				CLANG_WARN_QUOTED_INCLUDE_IN_FRAMEWORK_HEADER = YES;
				CLANG_WARN_RANGE_LOOP_ANALYSIS = YES;
				CLANG_WARN_STRICT_PROTOTYPES = YES;
				CLANG_WARN_SUSPICIOUS_MOVE = YES;
				CLANG_WARN_UNGUARDED_AVAILABILITY = YES_AGGRESSIVE;
				CLANG_WARN_UNREACHABLE_CODE = YES;
				CLANG_WARN__DUPLICATE_METHOD_MATCH = YES;
				COPY_PHASE_STRIP = NO;
				DEBUG_INFORMATION_FORMAT = dwarf;
				ENABLE_STRICT_OBJC_MSGSEND = YES;
				ENABLE_TESTABILITY = YES;
				ENABLE_USER_SCRIPT_SANDBOXING = YES;
				GCC_C_LANGUAGE_STANDARD = gnu17;
				GCC_DYNAMIC_NO_PIC = NO;
				GCC_NO_COMMON_BLOCKS = YES;
				GCC_OPTIMIZATION_LEVEL = 0;
				GCC_PREPROCESSOR_DEFINITIONS = (
					"DEBUG=1",
					"$(inherited)",
				);
				GCC_WARN_64_TO_32_BIT_CONVERSION = YES;
				GCC_WARN_ABOUT_RETURN_TYPE = YES_ERROR;
				GCC_WARN_UNDECLARED_SELECTOR = YES;
				GCC_WARN_UNINITIALIZED_AUTOS = YES_AGGRESSIVE;
				GCC_WARN_UNUSED_FUNCTION = YES;
				GCC_WARN_UNUSED_VARIABLE = YES;
				IPHONEOS_DEPLOYMENT_TARGET = 17.2;
				LOCALIZATION_PREFERS_STRING_CATALOGS = YES;
				MTL_ENABLE_DEBUG_INFO = INCLUDE_SOURCE;
				MTL_FAST_MATH = YES;
				ONLY_ACTIVE_ARCH = YES;
				SDKROOT = iphoneos;
				SWIFT_ACTIVE_COMPILATION_CONDITIONS = "DEBUG $(inherited)";
				SWIFT_OPTIMIZATION_LEVEL = "-Onone";
			};
			name = Debug;
		};
		278A1CC72BE8CA69003EADCF /* Release */ = {
			isa = XCBuildConfiguration;
			buildSettings = {
				ALWAYS_SEARCH_USER_PATHS = NO;
				ASSETCATALOG_COMPILER_GENERATE_SWIFT_ASSET_SYMBOL_EXTENSIONS = YES;
				CLANG_ANALYZER_NONNULL = YES;
				CLANG_ANALYZER_NUMBER_OBJECT_CONVERSION = YES_AGGRESSIVE;
				CLANG_CXX_LANGUAGE_STANDARD = "gnu++20";
				CLANG_ENABLE_MODULES = YES;
				CLANG_ENABLE_OBJC_ARC = YES;
				CLANG_ENABLE_OBJC_WEAK = YES;
				CLANG_WARN_BLOCK_CAPTURE_AUTORELEASING = YES;
				CLANG_WARN_BOOL_CONVERSION = YES;
				CLANG_WARN_COMMA = YES;
				CLANG_WARN_CONSTANT_CONVERSION = YES;
				CLANG_WARN_DEPRECATED_OBJC_IMPLEMENTATIONS = YES;
				CLANG_WARN_DIRECT_OBJC_ISA_USAGE = YES_ERROR;
				CLANG_WARN_DOCUMENTATION_COMMENTS = YES;
				CLANG_WARN_EMPTY_BODY = YES;
				CLANG_WARN_ENUM_CONVERSION = YES;
				CLANG_WARN_INFINITE_RECURSION = YES;
				CLANG_WARN_INT_CONVERSION = YES;
				CLANG_WARN_NON_LITERAL_NULL_CONVERSION = YES;
				CLANG_WARN_OBJC_IMPLICIT_RETAIN_SELF = YES;
				CLANG_WARN_OBJC_LITERAL_CONVERSION = YES;
				CLANG_WARN_OBJC_ROOT_CLASS = YES_ERROR;
				CLANG_WARN_QUOTED_INCLUDE_IN_FRAMEWORK_HEADER = YES;
				CLANG_WARN_RANGE_LOOP_ANALYSIS = YES;
				CLANG_WARN_STRICT_PROTOTYPES = YES;
				CLANG_WARN_SUSPICIOUS_MOVE = YES;
				CLANG_WARN_UNGUARDED_AVAILABILITY = YES_AGGRESSIVE;
				CLANG_WARN_UNREACHABLE_CODE = YES;
				CLANG_WARN__DUPLICATE_METHOD_MATCH = YES;
				COPY_PHASE_STRIP = NO;
				DEBUG_INFORMATION_FORMAT = "dwarf-with-dsym";
				ENABLE_NS_ASSERTIONS = NO;
				ENABLE_STRICT_OBJC_MSGSEND = YES;
				ENABLE_USER_SCRIPT_SANDBOXING = YES;
				GCC_C_LANGUAGE_STANDARD = gnu17;
				GCC_NO_COMMON_BLOCKS = YES;
				GCC_WARN_64_TO_32_BIT_CONVERSION = YES;
				GCC_WARN_ABOUT_RETURN_TYPE = YES_ERROR;
				GCC_WARN_UNDECLARED_SELECTOR = YES;
				GCC_WARN_UNINITIALIZED_AUTOS = YES_AGGRESSIVE;
				GCC_WARN_UNUSED_FUNCTION = YES;
				GCC_WARN_UNUSED_VARIABLE = YES;
				IPHONEOS_DEPLOYMENT_TARGET = 17.2;
				LOCALIZATION_PREFERS_STRING_CATALOGS = YES;
				MTL_ENABLE_DEBUG_INFO = NO;
				MTL_FAST_MATH = YES;
				SDKROOT = iphoneos;
				SWIFT_COMPILATION_MODE = wholemodule;
				VALIDATE_PRODUCT = YES;
			};
			name = Release;
		};
		278A1CC92BE8CA69003EADCF /* Debug */ = {
			isa = XCBuildConfiguration;
			buildSettings = {
				ASSETCATALOG_COMPILER_APPICON_NAME = AppIcon;
				ASSETCATALOG_COMPILER_GLOBAL_ACCENT_COLOR_NAME = AccentColor;
				CODE_SIGN_STYLE = Automatic;
				CURRENT_PROJECT_VERSION = 1;
				DEVELOPMENT_ASSET_PATHS = "\"BubbleTea/Preview Content\"";
				ENABLE_PREVIEWS = YES;
				GENERATE_INFOPLIST_FILE = YES;
				INFOPLIST_KEY_UIApplicationSceneManifest_Generation = YES;
				INFOPLIST_KEY_UIApplicationSupportsIndirectInputEvents = YES;
				INFOPLIST_KEY_UILaunchScreen_Generation = YES;
				INFOPLIST_KEY_UISupportedInterfaceOrientations_iPad = "UIInterfaceOrientationPortrait UIInterfaceOrientationPortraitUpsideDown UIInterfaceOrientationLandscapeLeft UIInterfaceOrientationLandscapeRight";
				INFOPLIST_KEY_UISupportedInterfaceOrientations_iPhone = "UIInterfaceOrientationPortrait UIInterfaceOrientationLandscapeLeft UIInterfaceOrientationLandscapeRight";
				LD_RUNPATH_SEARCH_PATHS = (
					"$(inherited)",
					"@executable_path/Frameworks",
				);
				MARKETING_VERSION = 1.0;
				PRODUCT_BUNDLE_IDENTIFIER = com.codewithchris.BubbleTea;
				PRODUCT_NAME = "$(TARGET_NAME)";
				SWIFT_EMIT_LOC_STRINGS = YES;
				SWIFT_VERSION = 5.0;
				TARGETED_DEVICE_FAMILY = "1,2";
			};
			name = Debug;
		};
		278A1CCA2BE8CA69003EADCF /* Release */ = {
			isa = XCBuildConfiguration;
			buildSettings = {
				ASSETCATALOG_COMPILER_APPICON_NAME = AppIcon;
				ASSETCATALOG_COMPILER_GLOBAL_ACCENT_COLOR_NAME = AccentColor;
				CODE_SIGN_STYLE = Automatic;
				CURRENT_PROJECT_VERSION = 1;
				DEVELOPMENT_ASSET_PATHS = "\"BubbleTea/Preview Content\"";
				ENABLE_PREVIEWS = YES;
				GENERATE_INFOPLIST_FILE = YES;
				INFOPLIST_KEY_UIApplicationSceneManifest_Generation = YES;
				INFOPLIST_KEY_UIApplicationSupportsIndirectInputEvents = YES;
				INFOPLIST_KEY_UILaunchScreen_Generation = YES;
				INFOPLIST_KEY_UISupportedInterfaceOrientations_iPad = "UIInterfaceOrientationPortrait UIInterfaceOrientationPortraitUpsideDown UIInterfaceOrientationLandscapeLeft UIInterfaceOrientationLandscapeRight";
				INFOPLIST_KEY_UISupportedInterfaceOrientations_iPhone = "UIInterfaceOrientationPortrait UIInterfaceOrientationLandscapeLeft UIInterfaceOrientationLandscapeRight";
				LD_RUNPATH_SEARCH_PATHS = (
					"$(inherited)",
					"@executable_path/Frameworks",
				);
				MARKETING_VERSION = 1.0;
				PRODUCT_BUNDLE_IDENTIFIER = com.codewithchris.BubbleTea;
				PRODUCT_NAME = "$(TARGET_NAME)";
				SWIFT_EMIT_LOC_STRINGS = YES;
				SWIFT_VERSION = 5.0;
				TARGETED_DEVICE_FAMILY = "1,2";
			};
			name = Release;
		};
/* End XCBuildConfiguration section */

/* Begin XCConfigurationList section */
		278A1CB52BE8CA67003EADCF /* Build configuration list for PBXProject "BubbleTea" */ = {
			isa = XCConfigurationList;
			buildConfigurations = (
				278A1CC62BE8CA69003EADCF /* Debug */,
				278A1CC72BE8CA69003EADCF /* Release */,
			);
			defaultConfigurationIsVisible = 0;
			defaultConfigurationName = Release;
		};
		278A1CC82BE8CA69003EADCF /* Build configuration list for PBXNativeTarget "BubbleTea" */ = {
			isa = XCConfigurationList;
			buildConfigurations = (
				278A1CC92BE8CA69003EADCF /* Debug */,
				278A1CCA2BE8CA69003EADCF /* Release */,
			);
			defaultConfigurationIsVisible = 0;
			defaultConfigurationName = Release;
		};
/* End XCConfigurationList section */
	};
	rootObject = 278A1CB22BE8CA67003EADCF /* Project object */;
}
